
Microsoft Visual Studio Solution File, Format Version 12.00
# Visual Studio Version 17
VisualStudioVersion = 17.0.32014.148
MinimumVisualStudioVersion = 10.0.40219.1
Project("{9A19103F-16F7-4668-BE54-9A1E7A4F7556}") = "FizzBuzz", "src\FizzBuzz\FizzBuzz.csproj", "{DFF27DEC-7D58-45DD-BDDD-0C09535679F8}"
EndProject
Project("{9A19103F-16F7-4668-BE54-9A1E7A4F7556}") = "UnitTests", "tests\FizzBuzzTester\UnitTests.csproj", "{E0FE37AC-BF04-4B63-80FA-6DA0EB060F6F}"
EndProject
Global
	GlobalSection(SolutionConfigurationPlatforms) = preSolution
		Debug|Any CPU = Debug|Any CPU
		Release|Any CPU = Release|Any CPU
	EndGlobalSection
	GlobalSection(ProjectConfigurationPlatforms) = postSolution
		{DFF27DEC-7D58-45DD-BDDD-0C09535679F8}.Debug|Any CPU.ActiveCfg = Debug|Any CPU
		{DFF27DEC-7D58-45DD-BDDD-0C09535679F8}.Debug|Any CPU.Build.0 = Debug|Any CPU
		{DFF27DEC-7D58-45DD-BDDD-0C09535679F8}.Release|Any CPU.ActiveCfg = Release|Any CPU
		{DFF27DEC-7D58-45DD-BDDD-0C09535679F8}.Release|Any CPU.Build.0 = Release|Any CPU
		{E0FE37AC-BF04-4B63-80FA-6DA0EB060F6F}.Debug|Any CPU.ActiveCfg = Debug|Any CPU
		{E0FE37AC-BF04-4B63-80FA-6DA0EB060F6F}.Debug|Any CPU.Build.0 = Debug|Any CPU
		{E0FE37AC-BF04-4B63-80FA-6DA0EB060F6F}.Release|Any CPU.ActiveCfg = Release|Any CPU
		{E0FE37AC-BF04-4B63-80FA-6DA0EB060F6F}.Release|Any CPU.Build.0 = Release|Any CPU
	EndGlobalSection
	GlobalSection(SolutionProperties) = preSolution
		HideSolutionNode = FALSE
	EndGlobalSection
	GlobalSection(ExtensibilityGlobals) = postSolution
		SolutionGuid = {C75E03AC-0A52-4E2D-B4E7-D08CB520EC09}
	EndGlobalSection
EndGlobal
